# This file is autogenerated, do not edit; changes may be undone by the next 'dep ensure'.


[[projects]]
  branch = "master"
  name = "github.com/jonasfj/go-localtunnel"
  packages = ["."]
  revision = "8a804488f275867dce96b91bb0af2af9e7a7a777"

[solve-meta]
  analyzer-name = "dep"
  analyzer-version = 1
  inputs-digest = "5243db97fe703dbb6077faaf4d06f7d376c18c54d38fe2a0c4c6b250fb9cdf6a"
  solver-name = "gps-cdcl"
  solver-version = 1
